// !$*UTF8*$!
{
	archiveVersion = 1;
	classes = {
	};
	objectVersion = 46;
	objects = {

/* Begin PBXBuildFile section */
		2C09AA431EC102AD007304DE /* AppDelegate.swift in Sources */ = {isa = PBXBuildFile; fileRef = 2C09AA421EC102AD007304DE /* AppDelegate.swift */; };
		2C09AA451EC102AD007304DE /* ViewController.swift in Sources */ = {isa = PBXBuildFile; fileRef = 2C09AA441EC102AD007304DE /* ViewController.swift */; };
		2C09AA481EC102AD007304DE /* Main.storyboard in Resources */ = {isa = PBXBuildFile; fileRef = 2C09AA461EC102AD007304DE /* Main.storyboard */; };
		2C09AA4A1EC102AD007304DE /* Assets.xcassets in Resources */ = {isa = PBXBuildFile; fileRef = 2C09AA491EC102AD007304DE /* Assets.xcassets */; };
		2C09AA4D1EC102AD007304DE /* LaunchScreen.storyboard in Resources */ = {isa = PBXBuildFile; fileRef = 2C09AA4B1EC102AD007304DE /* LaunchScreen.storyboard */; };
		2C09AA581EC102AD007304DE /* AmusementParkPassGeneratorTests.swift in Sources */ = {isa = PBXBuildFile; fileRef = 2C09AA571EC102AD007304DE /* AmusementParkPassGeneratorTests.swift */; };
		2C09AA631EC102AD007304DE /* AmusementParkPassGeneratorUITests.swift in Sources */ = {isa = PBXBuildFile; fileRef = 2C09AA621EC102AD007304DE /* AmusementParkPassGeneratorUITests.swift */; };
		2C09AA711EC103BF007304DE /* Entrant.swift in Sources */ = {isa = PBXBuildFile; fileRef = 2C09AA701EC103BF007304DE /* Entrant.swift */; };
		2C09AA731EC23371007304DE /* Access.swift in Sources */ = {isa = PBXBuildFile; fileRef = 2C09AA721EC23371007304DE /* Access.swift */; };
		2C09AA751EC23381007304DE /* Profile.swift in Sources */ = {isa = PBXBuildFile; fileRef = 2C09AA741EC23381007304DE /* Profile.swift */; };
/* End PBXBuildFile section */

/* Begin PBXContainerItemProxy section */
		2C09AA541EC102AD007304DE /* PBXContainerItemProxy */ = {
			isa = PBXContainerItemProxy;
			containerPortal = 2C09AA371EC102AD007304DE /* Project object */;
			proxyType = 1;
			remoteGlobalIDString = 2C09AA3E1EC102AD007304DE;
			remoteInfo = AmusementParkPassGenerator;
		};
		2C09AA5F1EC102AD007304DE /* PBXContainerItemProxy */ = {
			isa = PBXContainerItemProxy;
			containerPortal = 2C09AA371EC102AD007304DE /* Project object */;
			proxyType = 1;
			remoteGlobalIDString = 2C09AA3E1EC102AD007304DE;
			remoteInfo = AmusementParkPassGenerator;
		};
/* End PBXContainerItemProxy section */

/* Begin PBXFileReference section */
		2C09AA3F1EC102AD007304DE /* AmusementParkPassGenerator.app */ = {isa = PBXFileReference; explicitFileType = wrapper.application; includeInIndex = 0; path = AmusementParkPassGenerator.app; sourceTree = BUILT_PRODUCTS_DIR; };
		2C09AA421EC102AD007304DE /* AppDelegate.swift */ = {isa = PBXFileReference; lastKnownFileType = sourcecode.swift; path = AppDelegate.swift; sourceTree = "<group>"; };
		2C09AA441EC102AD007304DE /* ViewController.swift */ = {isa = PBXFileReference; lastKnownFileType = sourcecode.swift; path = ViewController.swift; sourceTree = "<group>"; };
		2C09AA471EC102AD007304DE /* Base */ = {isa = PBXFileReference; lastKnownFileType = file.storyboard; name = Base; path = Base.lproj/Main.storyboard; sourceTree = "<group>"; };
		2C09AA491EC102AD007304DE /* Assets.xcassets */ = {isa = PBXFileReference; lastKnownFileType = folder.assetcatalog; path = Assets.xcassets; sourceTree = "<group>"; };
		2C09AA4C1EC102AD007304DE /* Base */ = {isa = PBXFileReference; lastKnownFileType = file.storyboard; name = Base; path = Base.lproj/LaunchScreen.storyboard; sourceTree = "<group>"; };
		2C09AA4E1EC102AD007304DE /* Info.plist */ = {isa = PBXFileReference; lastKnownFileType = text.plist.xml; path = Info.plist; sourceTree = "<group>"; };
		2C09AA531EC102AD007304DE /* AmusementParkPassGeneratorTests.xctest */ = {isa = PBXFileReference; explicitFileType = wrapper.cfbundle; includeInIndex = 0; path = AmusementParkPassGeneratorTests.xctest; sourceTree = BUILT_PRODUCTS_DIR; };
		2C09AA571EC102AD007304DE /* AmusementParkPassGeneratorTests.swift */ = {isa = PBXFileReference; lastKnownFileType = sourcecode.swift; path = AmusementParkPassGeneratorTests.swift; sourceTree = "<group>"; };
		2C09AA591EC102AD007304DE /* Info.plist */ = {isa = PBXFileReference; lastKnownFileType = text.plist.xml; path = Info.plist; sourceTree = "<group>"; };
		2C09AA5E1EC102AD007304DE /* AmusementParkPassGeneratorUITests.xctest */ = {isa = PBXFileReference; explicitFileType = wrapper.cfbundle; includeInIndex = 0; path = AmusementParkPassGeneratorUITests.xctest; sourceTree = BUILT_PRODUCTS_DIR; };
		2C09AA621EC102AD007304DE /* AmusementParkPassGeneratorUITests.swift */ = {isa = PBXFileReference; lastKnownFileType = sourcecode.swift; path = AmusementParkPassGeneratorUITests.swift; sourceTree = "<group>"; };
		2C09AA641EC102AD007304DE /* Info.plist */ = {isa = PBXFileReference; lastKnownFileType = text.plist.xml; path = Info.plist; sourceTree = "<group>"; };
		2C09AA701EC103BF007304DE /* Entrant.swift */ = {isa = PBXFileReference; fileEncoding = 4; lastKnownFileType = sourcecode.swift; path = Entrant.swift; sourceTree = "<group>"; };
		2C09AA721EC23371007304DE /* Access.swift */ = {isa = PBXFileReference; fileEncoding = 4; lastKnownFileType = sourcecode.swift; path = Access.swift; sourceTree = "<group>"; };
		2C09AA741EC23381007304DE /* Profile.swift */ = {isa = PBXFileReference; fileEncoding = 4; lastKnownFileType = sourcecode.swift; path = Profile.swift; sourceTree = "<group>"; };
/* End PBXFileReference section */

/* Begin PBXFrameworksBuildPhase section */
		2C09AA3C1EC102AD007304DE /* Frameworks */ = {
			isa = PBXFrameworksBuildPhase;
			buildActionMask = 2147483647;
			files = (
			);
			runOnlyForDeploymentPostprocessing = 0;
		};
		2C09AA501EC102AD007304DE /* Frameworks */ = {
			isa = PBXFrameworksBuildPhase;
			buildActionMask = 2147483647;
			files = (
			);
			runOnlyForDeploymentPostprocessing = 0;
		};
		2C09AA5B1EC102AD007304DE /* Frameworks */ = {
			isa = PBXFrameworksBuildPhase;
			buildActionMask = 2147483647;
			files = (
			);
			runOnlyForDeploymentPostprocessing = 0;
		};
/* End PBXFrameworksBuildPhase section */

/* Begin PBXGroup section */
		2C09AA361EC102AD007304DE = {
			isa = PBXGroup;
			children = (
				2C09AA411EC102AD007304DE /* AmusementParkPassGenerator */,
				2C09AA561EC102AD007304DE /* AmusementParkPassGeneratorTests */,
				2C09AA611EC102AD007304DE /* AmusementParkPassGeneratorUITests */,
				2C09AA401EC102AD007304DE /* Products */,
			);
			sourceTree = "<group>";
		};
		2C09AA401EC102AD007304DE /* Products */ = {
			isa = PBXGroup;
			children = (
				2C09AA3F1EC102AD007304DE /* AmusementParkPassGenerator.app */,
				2C09AA531EC102AD007304DE /* AmusementParkPassGeneratorTests.xctest */,
				2C09AA5E1EC102AD007304DE /* AmusementParkPassGeneratorUITests.xctest */,
			);
			name = Products;
			sourceTree = "<group>";
		};
		2C09AA411EC102AD007304DE /* AmusementParkPassGenerator */ = {
			isa = PBXGroup;
			children = (
				2C09AA421EC102AD007304DE /* AppDelegate.swift */,
				2C09AA441EC102AD007304DE /* ViewController.swift */,
				2C09AA741EC23381007304DE /* Profile.swift */,
				2C09AA701EC103BF007304DE /* Entrant.swift */,
				2C09AA721EC23371007304DE /* Access.swift */,
				2C09AA461EC102AD007304DE /* Main.storyboard */,
				2C09AA491EC102AD007304DE /* Assets.xcassets */,
				2C09AA4B1EC102AD007304DE /* LaunchScreen.storyboard */,
				2C09AA4E1EC102AD007304DE /* Info.plist */,
			);
			path = AmusementParkPassGenerator;
			sourceTree = "<group>";
		};
		2C09AA561EC102AD007304DE /* AmusementParkPassGeneratorTests */ = {
			isa = PBXGroup;
			children = (
				2C09AA571EC102AD007304DE /* AmusementParkPassGeneratorTests.swift */,
				2C09AA591EC102AD007304DE /* Info.plist */,
			);
			path = AmusementParkPassGeneratorTests;
			sourceTree = "<group>";
		};
		2C09AA611EC102AD007304DE /* AmusementParkPassGeneratorUITests */ = {
			isa = PBXGroup;
			children = (
				2C09AA621EC102AD007304DE /* AmusementParkPassGeneratorUITests.swift */,
				2C09AA641EC102AD007304DE /* Info.plist */,
			);
			path = AmusementParkPassGeneratorUITests;
			sourceTree = "<group>";
		};
/* End PBXGroup section */

/* Begin PBXNativeTarget section */
		2C09AA3E1EC102AD007304DE /* AmusementParkPassGenerator */ = {
			isa = PBXNativeTarget;
			buildConfigurationList = 2C09AA671EC102AD007304DE /* Build configuration list for PBXNativeTarget "AmusementParkPassGenerator" */;
			buildPhases = (
				2C09AA3B1EC102AD007304DE /* Sources */,
				2C09AA3C1EC102AD007304DE /* Frameworks */,
				2C09AA3D1EC102AD007304DE /* Resources */,
			);
			buildRules = (
			);
			dependencies = (
			);
			name = AmusementParkPassGenerator;
			productName = AmusementParkPassGenerator;
			productReference = 2C09AA3F1EC102AD007304DE /* AmusementParkPassGenerator.app */;
			productType = "com.apple.product-type.application";
		};
		2C09AA521EC102AD007304DE /* AmusementParkPassGeneratorTests */ = {
			isa = PBXNativeTarget;
			buildConfigurationList = 2C09AA6A1EC102AD007304DE /* Build configuration list for PBXNativeTarget "AmusementParkPassGeneratorTests" */;
			buildPhases = (
				2C09AA4F1EC102AD007304DE /* Sources */,
				2C09AA501EC102AD007304DE /* Frameworks */,
				2C09AA511EC102AD007304DE /* Resources */,
			);
			buildRules = (
			);
			dependencies = (
				2C09AA551EC102AD007304DE /* PBXTargetDependency */,
			);
			name = AmusementParkPassGeneratorTests;
			productName = AmusementParkPassGeneratorTests;
			productReference = 2C09AA531EC102AD007304DE /* AmusementParkPassGeneratorTests.xctest */;
			productType = "com.apple.product-type.bundle.unit-test";
		};
		2C09AA5D1EC102AD007304DE /* AmusementParkPassGeneratorUITests */ = {
			isa = PBXNativeTarget;
			buildConfigurationList = 2C09AA6D1EC102AD007304DE /* Build configuration list for PBXNativeTarget "AmusementParkPassGeneratorUITests" */;
			buildPhases = (
				2C09AA5A1EC102AD007304DE /* Sources */,
				2C09AA5B1EC102AD007304DE /* Frameworks */,
				2C09AA5C1EC102AD007304DE /* Resources */,
			);
			buildRules = (
			);
			dependencies = (
				2C09AA601EC102AD007304DE /* PBXTargetDependency */,
			);
			name = AmusementParkPassGeneratorUITests;
			productName = AmusementParkPassGeneratorUITests;
			productReference = 2C09AA5E1EC102AD007304DE /* AmusementParkPassGeneratorUITests.xctest */;
			productType = "com.apple.product-type.bundle.ui-testing";
		};
/* End PBXNativeTarget section */

/* Begin PBXProject section */
		2C09AA371EC102AD007304DE /* Project object */ = {
			isa = PBXProject;
			attributes = {
				LastSwiftUpdateCheck = 0830;
				LastUpgradeCheck = 0830;
				ORGANIZATIONNAME = "Marcus Klausen";
				TargetAttributes = {
					2C09AA3E1EC102AD007304DE = {
						CreatedOnToolsVersion = 8.3.2;
						DevelopmentTeam = 7R2PT84PCM;
						ProvisioningStyle = Automatic;
					};
					2C09AA521EC102AD007304DE = {
						CreatedOnToolsVersion = 8.3.2;
						DevelopmentTeam = 7R2PT84PCM;
						ProvisioningStyle = Automatic;
						TestTargetID = 2C09AA3E1EC102AD007304DE;
					};
					2C09AA5D1EC102AD007304DE = {
						CreatedOnToolsVersion = 8.3.2;
						DevelopmentTeam = 7R2PT84PCM;
						ProvisioningStyle = Automatic;
						TestTargetID = 2C09AA3E1EC102AD007304DE;
					};
				};
			};
			buildConfigurationList = 2C09AA3A1EC102AD007304DE /* Build configuration list for PBXProject "AmusementParkPassGenerator" */;
			compatibilityVersion = "Xcode 3.2";
			developmentRegion = English;
			hasScannedForEncodings = 0;
			knownRegions = (
				en,
				Base,
			);
			mainGroup = 2C09AA361EC102AD007304DE;
			productRefGroup = 2C09AA401EC102AD007304DE /* Products */;
			projectDirPath = "";
			projectRoot = "";
			targets = (
				2C09AA3E1EC102AD007304DE /* AmusementParkPassGenerator */,
				2C09AA521EC102AD007304DE /* AmusementParkPassGeneratorTests */,
				2C09AA5D1EC102AD007304DE /* AmusementParkPassGeneratorUITests */,
			);
		};
/* End PBXProject section */

/* Begin PBXResourcesBuildPhase section */
		2C09AA3D1EC102AD007304DE /* Resources */ = {
			isa = PBXResourcesBuildPhase;
			buildActionMask = 2147483647;
			files = (
				2C09AA4D1EC102AD007304DE /* LaunchScreen.storyboard in Resources */,
				2C09AA4A1EC102AD007304DE /* Assets.xcassets in Resources */,
				2C09AA481EC102AD007304DE /* Main.storyboard in Resources */,
			);
			runOnlyForDeploymentPostprocessing = 0;
		};
		2C09AA511EC102AD007304DE /* Resources */ = {
			isa = PBXResourcesBuildPhase;
			buildActionMask = 2147483647;
			files = (
			);
			runOnlyForDeploymentPostprocessing = 0;
		};
		2C09AA5C1EC102AD007304DE /* Resources */ = {
			isa = PBXResourcesBuildPhase;
			buildActionMask = 2147483647;
			files = (
			);
			runOnlyForDeploymentPostprocessing = 0;
		};
/* End PBXResourcesBuildPhase section */

/* Begin PBXSourcesBuildPhase section */
		2C09AA3B1EC102AD007304DE /* Sources */ = {
			isa = PBXSourcesBuildPhase;
			buildActionMask = 2147483647;
			files = (
				2C09AA751EC23381007304DE /* Profile.swift in Sources */,
				2C09AA711EC103BF007304DE /* Entrant.swift in Sources */,
				2C09AA451EC102AD007304DE /* ViewController.swift in Sources */,
				2C09AA731EC23371007304DE /* Access.swift in Sources */,
				2C09AA431EC102AD007304DE /* AppDelegate.swift in Sources */,
			);
			runOnlyForDeploymentPostprocessing = 0;
		};
		2C09AA4F1EC102AD007304DE /* Sources */ = {
			isa = PBXSourcesBuildPhase;
			buildActionMask = 2147483647;
			files = (
				2C09AA581EC102AD007304DE /* AmusementParkPassGeneratorTests.swift in Sources */,
			);
			runOnlyForDeploymentPostprocessing = 0;
		};
		2C09AA5A1EC102AD007304DE /* Sources */ = {
			isa = PBXSourcesBuildPhase;
			buildActionMask = 2147483647;
			files = (
				2C09AA631EC102AD007304DE /* AmusementParkPassGeneratorUITests.swift in Sources */,
			);
			runOnlyForDeploymentPostprocessing = 0;
		};
/* End PBXSourcesBuildPhase section */

/* Begin PBXTargetDependency section */
		2C09AA551EC102AD007304DE /* PBXTargetDependency */ = {
			isa = PBXTargetDependency;
			target = 2C09AA3E1EC102AD007304DE /* AmusementParkPassGenerator */;
			targetProxy = 2C09AA541EC102AD007304DE /* PBXContainerItemProxy */;
		};
		2C09AA601EC102AD007304DE /* PBXTargetDependency */ = {
			isa = PBXTargetDependency;
			target = 2C09AA3E1EC102AD007304DE /* AmusementParkPassGenerator */;
			targetProxy = 2C09AA5F1EC102AD007304DE /* PBXContainerItemProxy */;
		};
/* End PBXTargetDependency section */

/* Begin PBXVariantGroup section */
		2C09AA461EC102AD007304DE /* Main.storyboard */ = {
			isa = PBXVariantGroup;
			children = (
				2C09AA471EC102AD007304DE /* Base */,
			);
			name = Main.storyboard;
			sourceTree = "<group>";
		};
		2C09AA4B1EC102AD007304DE /* LaunchScreen.storyboard */ = {
			isa = PBXVariantGroup;
			children = (
				2C09AA4C1EC102AD007304DE /* Base */,
			);
			name = LaunchScreen.storyboard;
			sourceTree = "<group>";
		};
/* End PBXVariantGroup section */

/* Begin XCBuildConfiguration section */
		2C09AA651EC102AD007304DE /* Debug */ = {
			isa = XCBuildConfiguration;
			buildSettings = {
				ALWAYS_SEARCH_USER_PATHS = NO;
				CLANG_ANALYZER_NONNULL = YES;
				CLANG_ANALYZER_NUMBER_OBJECT_CONVERSION = YES_AGGRESSIVE;
				CLANG_CXX_LANGUAGE_STANDARD = "gnu++0x";
				CLANG_CXX_LIBRARY = "libc++";
				CLANG_ENABLE_MODULES = YES;
				CLANG_ENABLE_OBJC_ARC = YES;
				CLANG_WARN_BOOL_CONVERSION = YES;
				CLANG_WARN_CONSTANT_CONVERSION = YES;
				CLANG_WARN_DIRECT_OBJC_ISA_USAGE = YES_ERROR;
				CLANG_WARN_DOCUMENTATION_COMMENTS = YES;
				CLANG_WARN_EMPTY_BODY = YES;
				CLANG_WARN_ENUM_CONVERSION = YES;
				CLANG_WARN_INFINITE_RECURSION = YES;
				CLANG_WARN_INT_CONVERSION = YES;
				CLANG_WARN_OBJC_ROOT_CLASS = YES_ERROR;
				CLANG_WARN_SUSPICIOUS_MOVE = YES;
				CLANG_WARN_UNREACHABLE_CODE = YES;
				CLANG_WARN__DUPLICATE_METHOD_MATCH = YES;
				"CODE_SIGN_IDENTITY[sdk=iphoneos*]" = "iPhone Developer";
				COPY_PHASE_STRIP = NO;
				DEBUG_INFORMATION_FORMAT = dwarf;
				ENABLE_STRICT_OBJC_MSGSEND = YES;
				ENABLE_TESTABILITY = YES;
				GCC_C_LANGUAGE_STANDARD = gnu99;
				GCC_DYNAMIC_NO_PIC = NO;
				GCC_NO_COMMON_BLOCKS = YES;
				GCC_OPTIMIZATION_LEVEL = 0;
				GCC_PREPROCESSOR_DEFINITIONS = (
					"DEBUG=1",
					"$(inherited)",
				);
				GCC_WARN_64_TO_32_BIT_CONVERSION = YES;
				GCC_WARN_ABOUT_RETURN_TYPE = YES_ERROR;
				GCC_WARN_UNDECLARED_SELECTOR = YES;
				GCC_WARN_UNINITIALIZED_AUTOS = YES_AGGRESSIVE;
				GCC_WARN_UNUSED_FUNCTION = YES;
				GCC_WARN_UNUSED_VARIABLE = YES;
				IPHONEOS_DEPLOYMENT_TARGET = 10.3;
				MTL_ENABLE_DEBUG_INFO = YES;
				ONLY_ACTIVE_ARCH = YES;
				SDKROOT = iphoneos;
				SWIFT_ACTIVE_COMPILATION_CONDITIONS = DEBUG;
				SWIFT_OPTIMIZATION_LEVEL = "-Onone";
				TARGETED_DEVICE_FAMILY = "1,2";
			};
			name = Debug;
		};
		2C09AA661EC102AD007304DE /* Release */ = {
			isa = XCBuildConfiguration;
			buildSettings = {
				ALWAYS_SEARCH_USER_PATHS = NO;
				CLANG_ANALYZER_NONNULL = YES;
				CLANG_ANALYZER_NUMBER_OBJECT_CONVERSION = YES_AGGRESSIVE;
				CLANG_CXX_LANGUAGE_STANDARD = "gnu++0x";
				CLANG_CXX_LIBRARY = "libc++";
				CLANG_ENABLE_MODULES = YES;
				CLANG_ENABLE_OBJC_ARC = YES;
				CLANG_WARN_BOOL_CONVERSION = YES;
				CLANG_WARN_CONSTANT_CONVERSION = YES;
				CLANG_WARN_DIRECT_OBJC_ISA_USAGE = YES_ERROR;
				CLANG_WARN_DOCUMENTATION_COMMENTS = YES;
				CLANG_WARN_EMPTY_BODY = YES;
				CLANG_WARN_ENUM_CONVERSION = YES;
				CLANG_WARN_INFINITE_RECURSION = YES;
				CLANG_WARN_INT_CONVERSION = YES;
				CLANG_WARN_OBJC_ROOT_CLASS = YES_ERROR;
				CLANG_WARN_SUSPICIOUS_MOVE = YES;
				CLANG_WARN_UNREACHABLE_CODE = YES;
				CLANG_WARN__DUPLICATE_METHOD_MATCH = YES;
				"CODE_SIGN_IDENTITY[sdk=iphoneos*]" = "iPhone Developer";
				COPY_PHASE_STRIP = NO;
				DEBUG_INFORMATION_FORMAT = "dwarf-with-dsym";
				ENABLE_NS_ASSERTIONS = NO;
				ENABLE_STRICT_OBJC_MSGSEND = YES;
				GCC_C_LANGUAGE_STANDARD = gnu99;
				GCC_NO_COMMON_BLOCKS = YES;
				GCC_WARN_64_TO_32_BIT_CONVERSION = YES;
				GCC_WARN_ABOUT_RETURN_TYPE = YES_ERROR;
				GCC_WARN_UNDECLARED_SELECTOR = YES;
				GCC_WARN_UNINITIALIZED_AUTOS = YES_AGGRESSIVE;
				GCC_WARN_UNUSED_FUNCTION = YES;
				GCC_WARN_UNUSED_VARIABLE = YES;
				IPHONEOS_DEPLOYMENT_TARGET = 10.3;
				MTL_ENABLE_DEBUG_INFO = NO;
				SDKROOT = iphoneos;
				SWIFT_OPTIMIZATION_LEVEL = "-Owholemodule";
				TARGETED_DEVICE_FAMILY = "1,2";
				VALIDATE_PRODUCT = YES;
			};
			name = Release;
		};
		2C09AA681EC102AD007304DE /* Debug */ = {
			isa = XCBuildConfiguration;
			buildSettings = {
				ASSETCATALOG_COMPILER_APPICON_NAME = AppIcon;
				DEVELOPMENT_TEAM = 7R2PT84PCM;
				INFOPLIST_FILE = AmusementParkPassGenerator/Info.plist;
				LD_RUNPATH_SEARCH_PATHS = "$(inherited) @executable_path/Frameworks";
				PRODUCT_BUNDLE_IDENTIFIER = dk.marcusklausen.AmusementParkPassGenerator;
				PRODUCT_NAME = "$(TARGET_NAME)";
				SWIFT_VERSION = 3.0;
			};
			name = Debug;
		};
		2C09AA691EC102AD007304DE /* Release */ = {
			isa = XCBuildConfiguration;
			buildSettings = {
				ASSETCATALOG_COMPILER_APPICON_NAME = AppIcon;
				DEVELOPMENT_TEAM = 7R2PT84PCM;
				INFOPLIST_FILE = AmusementParkPassGenerator/Info.plist;
				LD_RUNPATH_SEARCH_PATHS = "$(inherited) @executable_path/Frameworks";
				PRODUCT_BUNDLE_IDENTIFIER = dk.marcusklausen.AmusementParkPassGenerator;
				PRODUCT_NAME = "$(TARGET_NAME)";
				SWIFT_VERSION = 3.0;
			};
			name = Release;
		};
		2C09AA6B1EC102AD007304DE /* Debug */ = {
			isa = XCBuildConfiguration;
			buildSettings = {
				ALWAYS_EMBED_SWIFT_STANDARD_LIBRARIES = YES;
				BUNDLE_LOADER = "$(TEST_HOST)";
				DEVELOPMENT_TEAM = 7R2PT84PCM;
				INFOPLIST_FILE = AmusementParkPassGeneratorTests/Info.plist;
				LD_RUNPATH_SEARCH_PATHS = "$(inherited) @executable_path/Frameworks @loader_path/Frameworks";
				PRODUCT_BUNDLE_IDENTIFIER = dk.marcusklausen.AmusementParkPassGeneratorTests;
				PRODUCT_NAME = "$(TARGET_NAME)";
				SWIFT_VERSION = 3.0;
				TEST_HOST = "$(BUILT_PRODUCTS_DIR)/AmusementParkPassGenerator.app/AmusementParkPassGenerator";
			};
			name = Debug;
		};
		2C09AA6C1EC102AD007304DE /* Release */ = {
			isa = XCBuildConfiguration;
			buildSettings = {
				ALWAYS_EMBED_SWIFT_STANDARD_LIBRARIES = YES;
				BUNDLE_LOADER = "$(TEST_HOST)";
				DEVELOPMENT_TEAM = 7R2PT84PCM;
				INFOPLIST_FILE = AmusementParkPassGeneratorTests/Info.plist;
				LD_RUNPATH_SEARCH_PATHS = "$(inherited) @executable_path/Frameworks @loader_path/Frameworks";
				PRODUCT_BUNDLE_IDENTIFIER = dk.marcusklausen.AmusementParkPassGeneratorTests;
				PRODUCT_NAME = "$(TARGET_NAME)";
				SWIFT_VERSION = 3.0;
				TEST_HOST = "$(BUILT_PRODUCTS_DIR)/AmusementParkPassGenerator.app/AmusementParkPassGenerator";
			};
			name = Release;
		};
		2C09AA6E1EC102AD007304DE /* Debug */ = {
			isa = XCBuildConfiguration;
			buildSettings = {
				ALWAYS_EMBED_SWIFT_STANDARD_LIBRARIES = YES;
				DEVELOPMENT_TEAM = 7R2PT84PCM;
				INFOPLIST_FILE = AmusementParkPassGeneratorUITests/Info.plist;
				LD_RUNPATH_SEARCH_PATHS = "$(inherited) @executable_path/Frameworks @loader_path/Frameworks";
				PRODUCT_BUNDLE_IDENTIFIER = dk.marcusklausen.AmusementParkPassGeneratorUITests;
				PRODUCT_NAME = "$(TARGET_NAME)";
				SWIFT_VERSION = 3.0;
				TEST_TARGET_NAME = AmusementParkPassGenerator;
			};
			name = Debug;
		};
		2C09AA6F1EC102AD007304DE /* Release */ = {
			isa = XCBuildConfiguration;
			buildSettings = {
				ALWAYS_EMBED_SWIFT_STANDARD_LIBRARIES = YES;
				DEVELOPMENT_TEAM = 7R2PT84PCM;
				INFOPLIST_FILE = AmusementParkPassGeneratorUITests/Info.plist;
				LD_RUNPATH_SEARCH_PATHS = "$(inherited) @executable_path/Frameworks @loader_path/Frameworks";
				PRODUCT_BUNDLE_IDENTIFIER = dk.marcusklausen.AmusementParkPassGeneratorUITests;
				PRODUCT_NAME = "$(TARGET_NAME)";
				SWIFT_VERSION = 3.0;
				TEST_TARGET_NAME = AmusementParkPassGenerator;
			};
			name = Release;
		};
/* End XCBuildConfiguration section */

/* Begin XCConfigurationList section */
		2C09AA3A1EC102AD007304DE /* Build configuration list for PBXProject "AmusementParkPassGenerator" */ = {
			isa = XCConfigurationList;
			buildConfigurations = (
				2C09AA651EC102AD007304DE /* Debug */,
				2C09AA661EC102AD007304DE /* Release */,
			);
			defaultConfigurationIsVisible = 0;
			defaultConfigurationName = Release;
		};
		2C09AA671EC102AD007304DE /* Build configuration list for PBXNativeTarget "AmusementParkPassGenerator" */ = {
			isa = XCConfigurationList;
			buildConfigurations = (
				2C09AA681EC102AD007304DE /* Debug */,
				2C09AA691EC102AD007304DE /* Release */,
			);
			defaultConfigurationIsVisible = 0;
			defaultConfigurationName = Release;
		};
		2C09AA6A1EC102AD007304DE /* Build configuration list for PBXNativeTarget "AmusementParkPassGeneratorTests" */ = {
			isa = XCConfigurationList;
			buildConfigurations = (
				2C09AA6B1EC102AD007304DE /* Debug */,
				2C09AA6C1EC102AD007304DE /* Release */,
			);
			defaultConfigurationIsVisible = 0;
			defaultConfigurationName = Release;
		};
		2C09AA6D1EC102AD007304DE /* Build configuration list for PBXNativeTarget "AmusementParkPassGeneratorUITests" */ = {
			isa = XCConfigurationList;
			buildConfigurations = (
				2C09AA6E1EC102AD007304DE /* Debug */,
				2C09AA6F1EC102AD007304DE /* Release */,
			);
			defaultConfigurationIsVisible = 0;
			defaultConfigurationName = Release;
		};
/* End XCConfigurationList section */
	};
	rootObject = 2C09AA371EC102AD007304DE /* Project object */;
}
